
Microsoft Visual Studio Solution File, Format Version 12.00
# Visual Studio Version 17
VisualStudioVersion = 17.3.32929.385
MinimumVisualStudioVersion = 10.0.40219.1
Project("{FAE04EC0-301F-11D3-BF4B-00C04F79EFBC}") = "PhotoSorter", "PhotoSorter\PhotoSorter.csproj", "{564EEBFD-C204-46A3-B6C5-2B78B9DB6859}"
EndProject
Project("{FAE04EC0-301F-11D3-BF4B-00C04F79EFBC}") = "PhotoSorterEngine", "PhotoSorterEngine\PhotoSorterEngine.csproj", "{A3A33EAC-292B-4E66-B6D4-A139A4998A67}"
EndProject
Project("{FAE04EC0-301F-11D3-BF4B-00C04F79EFBC}") = "PhotoSorterEngineTests", "PhotoSorterEngineTests\PhotoSorterEngineTests.csproj", "{CA44E759-9737-4B01-9006-267316EE9E3A}"
EndProject
Global
	GlobalSection(SolutionConfigurationPlatforms) = preSolution
		Debug|Any CPU = Debug|Any CPU
		Release|Any CPU = Release|Any CPU
	EndGlobalSection
	GlobalSection(ProjectConfigurationPlatforms) = postSolution
		{564EEBFD-C204-46A3-B6C5-2B78B9DB6859}.Debug|Any CPU.ActiveCfg = Debug|Any CPU
		{564EEBFD-C204-46A3-B6C5-2B78B9DB6859}.Debug|Any CPU.Build.0 = Debug|Any CPU
		{564EEBFD-C204-46A3-B6C5-2B78B9DB6859}.Release|Any CPU.ActiveCfg = Release|Any CPU
		{564EEBFD-C204-46A3-B6C5-2B78B9DB6859}.Release|Any CPU.Build.0 = Release|Any CPU
		{A3A33EAC-292B-4E66-B6D4-A139A4998A67}.Debug|Any CPU.ActiveCfg = Debug|Any CPU
		{A3A33EAC-292B-4E66-B6D4-A139A4998A67}.Debug|Any CPU.Build.0 = Debug|Any CPU
		{A3A33EAC-292B-4E66-B6D4-A139A4998A67}.Release|Any CPU.ActiveCfg = Release|Any CPU
		{A3A33EAC-292B-4E66-B6D4-A139A4998A67}.Release|Any CPU.Build.0 = Release|Any CPU
		{CA44E759-9737-4B01-9006-267316EE9E3A}.Debug|Any CPU.ActiveCfg = Debug|Any CPU
		{CA44E759-9737-4B01-9006-267316EE9E3A}.Debug|Any CPU.Build.0 = Debug|Any CPU
		{CA44E759-9737-4B01-9006-267316EE9E3A}.Release|Any CPU.ActiveCfg = Release|Any CPU
		{CA44E759-9737-4B01-9006-267316EE9E3A}.Release|Any CPU.Build.0 = Release|Any CPU
	EndGlobalSection
	GlobalSection(SolutionProperties) = preSolution
		HideSolutionNode = FALSE
	EndGlobalSection
	GlobalSection(ExtensibilityGlobals) = postSolution
		SolutionGuid = {1A3BEEBD-F702-4EDF-BAA2-A07C3E711692}
	EndGlobalSection
EndGlobal
